
Microsoft Visual Studio Solution File, Format Version 12.00
# Visual Studio Version 17
VisualStudioVersion = 17.4.33205.214
MinimumVisualStudioVersion = 10.0.40219.1
Project("{FAE04EC0-301F-11D3-BF4B-00C04F79EFBC}") = "vid-to-s3", "vid-to-s3\vid-to-s3.csproj", "{AF446741-5386-433F-AA63-6E438619F229}"
EndProject
Global
	GlobalSection(SolutionConfigurationPlatforms) = preSolution
		Debug|Any CPU = Debug|Any CPU
		Release|Any CPU = Release|Any CPU
	EndGlobalSection
	GlobalSection(ProjectConfigurationPlatforms) = postSolution
		{AF446741-5386-433F-AA63-6E438619F229}.Debug|Any CPU.ActiveCfg = Debug|Any CPU
		{AF446741-5386-433F-AA63-6E438619F229}.Debug|Any CPU.Build.0 = Debug|Any CPU
		{AF446741-5386-433F-AA63-6E438619F229}.Release|Any CPU.ActiveCfg = Release|Any CPU
		{AF446741-5386-433F-AA63-6E438619F229}.Release|Any CPU.Build.0 = Release|Any CPU
	EndGlobalSection
	GlobalSection(SolutionProperties) = preSolution
		HideSolutionNode = FALSE
	EndGlobalSection
	GlobalSection(ExtensibilityGlobals) = postSolution
		SolutionGuid = {15EA58FD-DD2C-4E3C-850E-B60BF3AC897F}
	EndGlobalSection
EndGlobal
